PODS:
  - AppsFlyerFramework (4.8.12)
  - GoogleAnalytics (3.17.0)
  - Mixpanel-swift (2.5.7):
    - Mixpanel-swift/Complete (= 2.5.7)
  - Mixpanel-swift/Complete (2.5.7)

DEPENDENCIES:
  - AppsFlyerFramework
  - GoogleAnalytics
  - Mixpanel-swift

SPEC REPOS:
  https://github.com/cocoapods/specs.git:
    - AppsFlyerFramework
    - GoogleAnalytics
    - Mixpanel-swift

SPEC CHECKSUMS:
  AppsFlyerFramework: 726f063384d8dc763d7b423e48cbc8cbe10989ab
  GoogleAnalytics: f42cc53a87a51fe94334821868d9c8481ff47a7b
  Mixpanel-swift: d4de197db883e9dbba162fee6751db5e7766971b

PODFILE CHECKSUM: 4e354b4f9583766a11e5c96419a3469702c67f02

COCOAPODS: 1.5.3
