PODS:
  - AppsFlyerFramework (4.9.0)
  - GoogleAnalytics (3.17.0)
  - Mixpanel-swift (2.6.2):
    - Mixpanel-swift/Complete (= 2.6.2)
  - Mixpanel-swift/Complete (2.6.2)
  - Vinyl (0.10.4)

DEPENDENCIES:
  - AppsFlyerFramework
  - GoogleAnalytics
  - Mixpanel-swift
  - Vinyl (from `https://github.com/Velhotes/Vinyl.git`, branch `master`)

SPEC REPOS:
  https://github.com/cocoapods/specs.git:
    - AppsFlyerFramework
    - GoogleAnalytics
    - Mixpanel-swift

EXTERNAL SOURCES:
  Vinyl:
    :branch: master
    :git: https://github.com/Velhotes/Vinyl.git

CHECKOUT OPTIONS:
  Vinyl:
    :commit: d5cc99e3da7d6c64f7daaae0dd96624c47232a29
    :git: https://github.com/Velhotes/Vinyl.git

SPEC CHECKSUMS:
  AppsFlyerFramework: f57e5d590ad3124d3e594a76032a181bc91ec6cd
  GoogleAnalytics: f42cc53a87a51fe94334821868d9c8481ff47a7b
  Mixpanel-swift: eea98bb65fd80e992a9ecb3a0a421eca542ea72f
  Vinyl: 7df5f28a0fa95c87a039624f7a356ab9875ff2e1

PODFILE CHECKSUM: c252496476025c7baa9647bed6c01edbfa94dea4

COCOAPODS: 1.5.3
