PODS:
  - AppsFlyerFramework (4.8.12)
  - GoogleAnalytics (3.17.0)
  - Mixpanel-swift (2.5.7):
    - Mixpanel-swift/Complete (= 2.5.7)
  - Mixpanel-swift/Complete (2.5.7)
  - Vinyl (0.10.4)

DEPENDENCIES:
  - AppsFlyerFramework
  - GoogleAnalytics
  - Mixpanel-swift
  - Vinyl (from `https://github.com/Velhotes/Vinyl.git`, branch `master`)

SPEC REPOS:
  https://github.com/cocoapods/specs.git:
    - AppsFlyerFramework
    - GoogleAnalytics
    - Mixpanel-swift

EXTERNAL SOURCES:
  Vinyl:
    :branch: master
    :git: https://github.com/Velhotes/Vinyl.git

CHECKOUT OPTIONS:
  Vinyl:
    :commit: d5cc99e3da7d6c64f7daaae0dd96624c47232a29
    :git: https://github.com/Velhotes/Vinyl.git

SPEC CHECKSUMS:
  AppsFlyerFramework: 726f063384d8dc763d7b423e48cbc8cbe10989ab
  GoogleAnalytics: f42cc53a87a51fe94334821868d9c8481ff47a7b
  Mixpanel-swift: d4de197db883e9dbba162fee6751db5e7766971b
  Vinyl: 7df5f28a0fa95c87a039624f7a356ab9875ff2e1

PODFILE CHECKSUM: c252496476025c7baa9647bed6c01edbfa94dea4

COCOAPODS: 1.5.3
